
Microsoft Visual Studio Solution File, Format Version 12.00
# Visual Studio 15
VisualStudioVersion = 15.0.28307.757
MinimumVisualStudioVersion = 10.0.40219.1
Project("{2150E333-8FDC-42A3-9474-1A3956D46DE8}") = "Solution Items", "Solution Items", "{19327BA6-E931-462C-8933-B2E55AFF908D}"
	ProjectSection(SolutionItems) = preProject
		Source1.cpp = Source1.cpp
	EndProjectSection
EndProject
Global
	GlobalSection(SolutionProperties) = preSolution
		HideSolutionNode = FALSE
	EndGlobalSection
	GlobalSection(ExtensibilityGlobals) = postSolution
		SolutionGuid = {E521CE6A-2149-4BAE-B4D9-4E560F226A22}
	EndGlobalSection
EndGlobal
